{
  "originHash" : "593d857b05b672b0bb0ea5f25428dd2398aafaa086b99c1168b3770e9c2dffdf",
  "pins" : [
    {
      "identity" : "jsonschema",
      "kind" : "remoteSourceControl",
      "location" : "https://github.com/mattt/JSONSchema.git",
      "state" : {
        "revision" : "4c6f2467d5bc72b062c7a9b7e4cd77a09635ea8b",
        "version" : "1.3.1"
      }
    },
    {
      "identity" : "orb",
      "kind" : "remoteSourceControl",
      "location" : "https://github.com/metasidd/Orb.git",
      "state" : {
        "revision" : "8c5dda85e55638893f37657b56558968c3e11409",
        "version" : "0.2.0"
      }
    },
    {
      "identity" : "swift-collections",
      "kind" : "remoteSourceControl",
      "location" : "https://github.com/apple/swift-collections.git",
      "state" : {
        "revision" : "7b847a3b7008b2dc2f47ca3110d8c782fb2e5c7e",
        "version" : "1.3.0"
      }
    }
  ],
  "version" : 3
}
