// !$*UTF8*$!
{
	archiveVersion = 1;
	classes = {
	};
	objectVersion = 77;
	objects = {

/* Begin PBXBuildFile section */
		64D5DF3B2EE5802900800961 /* JSONSchema in Frameworks */ = {isa = PBXBuildFile; productRef = 64D5DF3A2EE5802900800961 /* JSONSchema */; };
/* End PBXBuildFile section */

/* Begin PBXContainerItemProxy section */
		A34575872EE5109800E6576A /* PBXContainerItemProxy */ = {
			isa = PBXContainerItemProxy;
			containerPortal = A34575712EE5109600E6576A /* Project object */;
			proxyType = 1;
			remoteGlobalIDString = A34575782EE5109700E6576A;
			remoteInfo = GrokMode;
		};
		A34575912EE5109800E6576A /* PBXContainerItemProxy */ = {
			isa = PBXContainerItemProxy;
			containerPortal = A34575712EE5109600E6576A /* Project object */;
			proxyType = 1;
			remoteGlobalIDString = A34575782EE5109700E6576A;
			remoteInfo = GrokMode;
		};
/* End PBXContainerItemProxy section */

/* Begin PBXFileReference section */
		A34575792EE5109700E6576A /* GrokMode.app */ = {isa = PBXFileReference; explicitFileType = wrapper.application; includeInIndex = 0; path = GrokMode.app; sourceTree = BUILT_PRODUCTS_DIR; };
		A34575862EE5109800E6576A /* GrokModeTests.xctest */ = {isa = PBXFileReference; explicitFileType = wrapper.cfbundle; includeInIndex = 0; path = GrokModeTests.xctest; sourceTree = BUILT_PRODUCTS_DIR; };
		A34575902EE5109800E6576A /* GrokModeUITests.xctest */ = {isa = PBXFileReference; explicitFileType = wrapper.cfbundle; includeInIndex = 0; path = GrokModeUITests.xctest; sourceTree = BUILT_PRODUCTS_DIR; };
/* End PBXFileReference section */

/* Begin PBXFileSystemSynchronizedBuildFileExceptionSet section */
		64D5DF482EE58F7C00800961 /* Exceptions for "GrokMode" folder in "GrokMode" target */ = {
			isa = PBXFileSystemSynchronizedBuildFileExceptionSet;
			membershipExceptions = (
				Info.plist,
			);
			target = A34575782EE5109700E6576A /* GrokMode */;
		};
/* End PBXFileSystemSynchronizedBuildFileExceptionSet section */

/* Begin PBXFileSystemSynchronizedRootGroup section */
		A345757B2EE5109700E6576A /* GrokMode */ = {
			isa = PBXFileSystemSynchronizedRootGroup;
			exceptions = (
				64D5DF482EE58F7C00800961 /* Exceptions for "GrokMode" folder in "GrokMode" target */,
			);
			path = GrokMode;
			sourceTree = "<group>";
		};
		A34575892EE5109800E6576A /* GrokModeTests */ = {
			isa = PBXFileSystemSynchronizedRootGroup;
			path = GrokModeTests;
			sourceTree = "<group>";
		};
		A34575932EE5109800E6576A /* GrokModeUITests */ = {
			isa = PBXFileSystemSynchronizedRootGroup;
			path = GrokModeUITests;
			sourceTree = "<group>";
		};
/* End PBXFileSystemSynchronizedRootGroup section */

/* Begin PBXFrameworksBuildPhase section */
		A34575762EE5109700E6576A /* Frameworks */ = {
			isa = PBXFrameworksBuildPhase;
			buildActionMask = 2147483647;
			files = (
				64D5DF3B2EE5802900800961 /* JSONSchema in Frameworks */,
			);
			runOnlyForDeploymentPostprocessing = 0;
		};
		A34575832EE5109800E6576A /* Frameworks */ = {
			isa = PBXFrameworksBuildPhase;
			buildActionMask = 2147483647;
			files = (
			);
			runOnlyForDeploymentPostprocessing = 0;
		};
		A345758D2EE5109800E6576A /* Frameworks */ = {
			isa = PBXFrameworksBuildPhase;
			buildActionMask = 2147483647;
			files = (
			);
			runOnlyForDeploymentPostprocessing = 0;
		};
/* End PBXFrameworksBuildPhase section */

/* Begin PBXGroup section */
		A34575702EE5109600E6576A = {
			isa = PBXGroup;
			children = (
				A345757B2EE5109700E6576A /* GrokMode */,
				A34575892EE5109800E6576A /* GrokModeTests */,
				A34575932EE5109800E6576A /* GrokModeUITests */,
				A345757A2EE5109700E6576A /* Products */,
			);
			sourceTree = "<group>";
		};
		A345757A2EE5109700E6576A /* Products */ = {
			isa = PBXGroup;
			children = (
				A34575792EE5109700E6576A /* GrokMode.app */,
				A34575862EE5109800E6576A /* GrokModeTests.xctest */,
				A34575902EE5109800E6576A /* GrokModeUITests.xctest */,
			);
			name = Products;
			sourceTree = "<group>";
		};
/* End PBXGroup section */

/* Begin PBXNativeTarget section */
		A34575782EE5109700E6576A /* GrokMode */ = {
			isa = PBXNativeTarget;
			buildConfigurationList = A345759A2EE5109800E6576A /* Build configuration list for PBXNativeTarget "GrokMode" */;
			buildPhases = (
				A34575752EE5109700E6576A /* Sources */,
				A34575762EE5109700E6576A /* Frameworks */,
				A34575772EE5109700E6576A /* Resources */,
			);
			buildRules = (
			);
			dependencies = (
			);
			fileSystemSynchronizedGroups = (
				A345757B2EE5109700E6576A /* GrokMode */,
			);
			name = GrokMode;
			packageProductDependencies = (
				64D5DF3A2EE5802900800961 /* JSONSchema */,
			);
			productName = GrokMode;
			productReference = A34575792EE5109700E6576A /* GrokMode.app */;
			productType = "com.apple.product-type.application";
		};
		A34575852EE5109800E6576A /* GrokModeTests */ = {
			isa = PBXNativeTarget;
			buildConfigurationList = A345759D2EE5109800E6576A /* Build configuration list for PBXNativeTarget "GrokModeTests" */;
			buildPhases = (
				A34575822EE5109800E6576A /* Sources */,
				A34575832EE5109800E6576A /* Frameworks */,
				A34575842EE5109800E6576A /* Resources */,
			);
			buildRules = (
			);
			dependencies = (
				A34575882EE5109800E6576A /* PBXTargetDependency */,
			);
			fileSystemSynchronizedGroups = (
				A34575892EE5109800E6576A /* GrokModeTests */,
			);
			name = GrokModeTests;
			packageProductDependencies = (
			);
			productName = GrokModeTests;
			productReference = A34575862EE5109800E6576A /* GrokModeTests.xctest */;
			productType = "com.apple.product-type.bundle.unit-test";
		};
		A345758F2EE5109800E6576A /* GrokModeUITests */ = {
			isa = PBXNativeTarget;
			buildConfigurationList = A34575A02EE5109800E6576A /* Build configuration list for PBXNativeTarget "GrokModeUITests" */;
			buildPhases = (
				A345758C2EE5109800E6576A /* Sources */,
				A345758D2EE5109800E6576A /* Frameworks */,
				A345758E2EE5109800E6576A /* Resources */,
			);
			buildRules = (
			);
			dependencies = (
				A34575922EE5109800E6576A /* PBXTargetDependency */,
			);
			fileSystemSynchronizedGroups = (
				A34575932EE5109800E6576A /* GrokModeUITests */,
			);
			name = GrokModeUITests;
			packageProductDependencies = (
			);
			productName = GrokModeUITests;
			productReference = A34575902EE5109800E6576A /* GrokModeUITests.xctest */;
			productType = "com.apple.product-type.bundle.ui-testing";
		};
/* End PBXNativeTarget section */

/* Begin PBXProject section */
		A34575712EE5109600E6576A /* Project object */ = {
			isa = PBXProject;
			attributes = {
				BuildIndependentTargetsInParallel = 1;
				LastSwiftUpdateCheck = 2610;
				LastUpgradeCheck = 2610;
				TargetAttributes = {
					A34575782EE5109700E6576A = {
						CreatedOnToolsVersion = 26.1.1;
					};
					A34575852EE5109800E6576A = {
						CreatedOnToolsVersion = 26.1.1;
						TestTargetID = A34575782EE5109700E6576A;
					};
					A345758F2EE5109800E6576A = {
						CreatedOnToolsVersion = 26.1.1;
						TestTargetID = A34575782EE5109700E6576A;
					};
				};
			};
			buildConfigurationList = A34575742EE5109600E6576A /* Build configuration list for PBXProject "GrokMode" */;
			developmentRegion = en;
			hasScannedForEncodings = 0;
			knownRegions = (
				en,
				Base,
			);
			mainGroup = A34575702EE5109600E6576A;
			minimizedProjectReferenceProxies = 1;
			packageReferences = (
				64D5DF392EE5802900800961 /* XCRemoteSwiftPackageReference "JSONSchema" */,
			);
			preferredProjectObjectVersion = 77;
			productRefGroup = A345757A2EE5109700E6576A /* Products */;
			projectDirPath = "";
			projectRoot = "";
			targets = (
				A34575782EE5109700E6576A /* GrokMode */,
				A34575852EE5109800E6576A /* GrokModeTests */,
				A345758F2EE5109800E6576A /* GrokModeUITests */,
			);
		};
/* End PBXProject section */

/* Begin PBXResourcesBuildPhase section */
		A34575772EE5109700E6576A /* Resources */ = {
			isa = PBXResourcesBuildPhase;
			buildActionMask = 2147483647;
			files = (
			);
			runOnlyForDeploymentPostprocessing = 0;
		};
		A34575842EE5109800E6576A /* Resources */ = {
			isa = PBXResourcesBuildPhase;
			buildActionMask = 2147483647;
			files = (
			);
			runOnlyForDeploymentPostprocessing = 0;
		};
		A345758E2EE5109800E6576A /* Resources */ = {
			isa = PBXResourcesBuildPhase;
			buildActionMask = 2147483647;
			files = (
			);
			runOnlyForDeploymentPostprocessing = 0;
		};
/* End PBXResourcesBuildPhase section */

/* Begin PBXSourcesBuildPhase section */
		A34575752EE5109700E6576A /* Sources */ = {
			isa = PBXSourcesBuildPhase;
			buildActionMask = 2147483647;
			files = (
			);
			runOnlyForDeploymentPostprocessing = 0;
		};
		A34575822EE5109800E6576A /* Sources */ = {
			isa = PBXSourcesBuildPhase;
			buildActionMask = 2147483647;
			files = (
			);
			runOnlyForDeploymentPostprocessing = 0;
		};
		A345758C2EE5109800E6576A /* Sources */ = {
			isa = PBXSourcesBuildPhase;
			buildActionMask = 2147483647;
			files = (
			);
			runOnlyForDeploymentPostprocessing = 0;
		};
/* End PBXSourcesBuildPhase section */

/* Begin PBXTargetDependency section */
		A34575882EE5109800E6576A /* PBXTargetDependency */ = {
			isa = PBXTargetDependency;
			target = A34575782EE5109700E6576A /* GrokMode */;
			targetProxy = A34575872EE5109800E6576A /* PBXContainerItemProxy */;
		};
		A34575922EE5109800E6576A /* PBXTargetDependency */ = {
			isa = PBXTargetDependency;
			target = A34575782EE5109700E6576A /* GrokMode */;
			targetProxy = A34575912EE5109800E6576A /* PBXContainerItemProxy */;
		};
/* End PBXTargetDependency section */

/* Begin XCBuildConfiguration section */
		A34575982EE5109800E6576A /* Debug */ = {
			isa = XCBuildConfiguration;
			baseConfigurationReferenceAnchor = A345757B2EE5109700E6576A /* GrokMode */;
			baseConfigurationReferenceRelativePath = Secrets.xcconfig;
			buildSettings = {
				ALWAYS_SEARCH_USER_PATHS = NO;
				ASSETCATALOG_COMPILER_GENERATE_SWIFT_ASSET_SYMBOL_EXTENSIONS = YES;
				CLANG_ANALYZER_NONNULL = YES;
				CLANG_ANALYZER_NUMBER_OBJECT_CONVERSION = YES_AGGRESSIVE;
				CLANG_CXX_LANGUAGE_STANDARD = "gnu++20";
				CLANG_ENABLE_MODULES = YES;
				CLANG_ENABLE_OBJC_ARC = YES;
				CLANG_ENABLE_OBJC_WEAK = YES;
				CLANG_WARN_BLOCK_CAPTURE_AUTORELEASING = YES;
				CLANG_WARN_BOOL_CONVERSION = YES;
				CLANG_WARN_COMMA = YES;
				CLANG_WARN_CONSTANT_CONVERSION = YES;
				CLANG_WARN_DEPRECATED_OBJC_IMPLEMENTATIONS = YES;
				CLANG_WARN_DIRECT_OBJC_ISA_USAGE = YES_ERROR;
				CLANG_WARN_DOCUMENTATION_COMMENTS = YES;
				CLANG_WARN_EMPTY_BODY = YES;
				CLANG_WARN_ENUM_CONVERSION = YES;
				CLANG_WARN_INFINITE_RECURSION = YES;
				CLANG_WARN_INT_CONVERSION = YES;
				CLANG_WARN_NON_LITERAL_NULL_CONVERSION = YES;
				CLANG_WARN_OBJC_IMPLICIT_RETAIN_SELF = YES;
				CLANG_WARN_OBJC_LITERAL_CONVERSION = YES;
				CLANG_WARN_OBJC_ROOT_CLASS = YES_ERROR;
				CLANG_WARN_QUOTED_INCLUDE_IN_FRAMEWORK_HEADER = YES;
				CLANG_WARN_RANGE_LOOP_ANALYSIS = YES;
				CLANG_WARN_STRICT_PROTOTYPES = YES;
				CLANG_WARN_SUSPICIOUS_MOVE = YES;
				CLANG_WARN_UNGUARDED_AVAILABILITY = YES_AGGRESSIVE;
				CLANG_WARN_UNREACHABLE_CODE = YES;
				CLANG_WARN__DUPLICATE_METHOD_MATCH = YES;
				COPY_PHASE_STRIP = NO;
				DEBUG_INFORMATION_FORMAT = dwarf;
				DEVELOPMENT_TEAM = KJ7YS82G45;
				ENABLE_STRICT_OBJC_MSGSEND = YES;
				ENABLE_TESTABILITY = YES;
				ENABLE_USER_SCRIPT_SANDBOXING = YES;
				GCC_C_LANGUAGE_STANDARD = gnu17;
				GCC_DYNAMIC_NO_PIC = NO;
				GCC_NO_COMMON_BLOCKS = YES;
				GCC_OPTIMIZATION_LEVEL = 0;
				GCC_PREPROCESSOR_DEFINITIONS = (
					"DEBUG=1",
					"$(inherited)",
				);
				GCC_WARN_64_TO_32_BIT_CONVERSION = YES;
				GCC_WARN_ABOUT_RETURN_TYPE = YES_ERROR;
				GCC_WARN_UNDECLARED_SELECTOR = YES;
				GCC_WARN_UNINITIALIZED_AUTOS = YES_AGGRESSIVE;
				GCC_WARN_UNUSED_FUNCTION = YES;
				GCC_WARN_UNUSED_VARIABLE = YES;
				IPHONEOS_DEPLOYMENT_TARGET = 26.1;
				LOCALIZATION_PREFERS_STRING_CATALOGS = YES;
				MTL_ENABLE_DEBUG_INFO = INCLUDE_SOURCE;
				MTL_FAST_MATH = YES;
				ONLY_ACTIVE_ARCH = YES;
				SDKROOT = iphoneos;
				SWIFT_ACTIVE_COMPILATION_CONDITIONS = "DEBUG $(inherited)";
				SWIFT_OPTIMIZATION_LEVEL = "-Onone";
			};
			name = Debug;
		};
		A34575992EE5109800E6576A /* Release */ = {
			isa = XCBuildConfiguration;
			baseConfigurationReferenceAnchor = A345757B2EE5109700E6576A /* GrokMode */;
			baseConfigurationReferenceRelativePath = Secrets.xcconfig;
			buildSettings = {
				ALWAYS_SEARCH_USER_PATHS = NO;
				ASSETCATALOG_COMPILER_GENERATE_SWIFT_ASSET_SYMBOL_EXTENSIONS = YES;
				CLANG_ANALYZER_NONNULL = YES;
				CLANG_ANALYZER_NUMBER_OBJECT_CONVERSION = YES_AGGRESSIVE;
				CLANG_CXX_LANGUAGE_STANDARD = "gnu++20";
				CLANG_ENABLE_MODULES = YES;
				CLANG_ENABLE_OBJC_ARC = YES;
				CLANG_ENABLE_OBJC_WEAK = YES;
				CLANG_WARN_BLOCK_CAPTURE_AUTORELEASING = YES;
				CLANG_WARN_BOOL_CONVERSION = YES;
				CLANG_WARN_COMMA = YES;
				CLANG_WARN_CONSTANT_CONVERSION = YES;
				CLANG_WARN_DEPRECATED_OBJC_IMPLEMENTATIONS = YES;
				CLANG_WARN_DIRECT_OBJC_ISA_USAGE = YES_ERROR;
				CLANG_WARN_DOCUMENTATION_COMMENTS = YES;
				CLANG_WARN_EMPTY_BODY = YES;
				CLANG_WARN_ENUM_CONVERSION = YES;
				CLANG_WARN_INFINITE_RECURSION = YES;
				CLANG_WARN_INT_CONVERSION = YES;
				CLANG_WARN_NON_LITERAL_NULL_CONVERSION = YES;
				CLANG_WARN_OBJC_IMPLICIT_RETAIN_SELF = YES;
				CLANG_WARN_OBJC_LITERAL_CONVERSION = YES;
				CLANG_WARN_OBJC_ROOT_CLASS = YES_ERROR;
				CLANG_WARN_QUOTED_INCLUDE_IN_FRAMEWORK_HEADER = YES;
				CLANG_WARN_RANGE_LOOP_ANALYSIS = YES;
				CLANG_WARN_STRICT_PROTOTYPES = YES;
				CLANG_WARN_SUSPICIOUS_MOVE = YES;
				CLANG_WARN_UNGUARDED_AVAILABILITY = YES_AGGRESSIVE;
				CLANG_WARN_UNREACHABLE_CODE = YES;
				CLANG_WARN__DUPLICATE_METHOD_MATCH = YES;
				COPY_PHASE_STRIP = NO;
				DEBUG_INFORMATION_FORMAT = "dwarf-with-dsym";
				DEVELOPMENT_TEAM = KJ7YS82G45;
				ENABLE_NS_ASSERTIONS = NO;
				ENABLE_STRICT_OBJC_MSGSEND = YES;
				ENABLE_USER_SCRIPT_SANDBOXING = YES;
				GCC_C_LANGUAGE_STANDARD = gnu17;
				GCC_NO_COMMON_BLOCKS = YES;
				GCC_WARN_64_TO_32_BIT_CONVERSION = YES;
				GCC_WARN_ABOUT_RETURN_TYPE = YES_ERROR;
				GCC_WARN_UNDECLARED_SELECTOR = YES;
				GCC_WARN_UNINITIALIZED_AUTOS = YES_AGGRESSIVE;
				GCC_WARN_UNUSED_FUNCTION = YES;
				GCC_WARN_UNUSED_VARIABLE = YES;
				IPHONEOS_DEPLOYMENT_TARGET = 26.1;
				LOCALIZATION_PREFERS_STRING_CATALOGS = YES;
				MTL_ENABLE_DEBUG_INFO = NO;
				MTL_FAST_MATH = YES;
				SDKROOT = iphoneos;
				SWIFT_COMPILATION_MODE = wholemodule;
				VALIDATE_PRODUCT = YES;
			};
			name = Release;
		};
		A345759B2EE5109800E6576A /* Debug */ = {
			isa = XCBuildConfiguration;
			buildSettings = {
				ASSETCATALOG_COMPILER_APPICON_NAME = AppIcon;
				ASSETCATALOG_COMPILER_GLOBAL_ACCENT_COLOR_NAME = AccentColor;
				CODE_SIGN_STYLE = Automatic;
				CURRENT_PROJECT_VERSION = 1;
				DEVELOPMENT_TEAM = UB3MSH2CQ7;
				ENABLE_PREVIEWS = YES;
				GENERATE_INFOPLIST_FILE = YES;
				INFOPLIST_FILE = GrokMode/Info.plist;
				INFOPLIST_KEY_NSMicrophoneUsageDescription = "Need Mic for Mic stuff";
				INFOPLIST_KEY_UIApplicationSceneManifest_Generation = YES;
				INFOPLIST_KEY_UIApplicationSupportsIndirectInputEvents = YES;
				INFOPLIST_KEY_UILaunchScreen_Generation = YES;
				INFOPLIST_KEY_UISupportedInterfaceOrientations_iPad = "UIInterfaceOrientationPortrait UIInterfaceOrientationPortraitUpsideDown UIInterfaceOrientationLandscapeLeft UIInterfaceOrientationLandscapeRight";
				INFOPLIST_KEY_UISupportedInterfaceOrientations_iPhone = "UIInterfaceOrientationPortrait UIInterfaceOrientationLandscapeLeft UIInterfaceOrientationLandscapeRight";
				IPHONEOS_DEPLOYMENT_TARGET = 26.0;
				LD_RUNPATH_SEARCH_PATHS = (
					"$(inherited)",
					"@executable_path/Frameworks",
				);
				MARKETING_VERSION = 1.0;
				PRODUCT_NAME = "$(TARGET_NAME)";
				STRING_CATALOG_GENERATE_SYMBOLS = YES;
				SUPPORTED_PLATFORMS = "iphoneos iphonesimulator";
				SUPPORTS_MACCATALYST = NO;
				SUPPORTS_MAC_DESIGNED_FOR_IPHONE_IPAD = NO;
				SUPPORTS_XR_DESIGNED_FOR_IPHONE_IPAD = NO;
				SWIFT_APPROACHABLE_CONCURRENCY = YES;
				SWIFT_DEFAULT_ACTOR_ISOLATION = MainActor;
				SWIFT_EMIT_LOC_STRINGS = YES;
				SWIFT_UPCOMING_FEATURE_MEMBER_IMPORT_VISIBILITY = YES;
				SWIFT_VERSION = 5.0;
				TARGETED_DEVICE_FAMILY = "1,2";
			};
			name = Debug;
		};
		A345759C2EE5109800E6576A /* Release */ = {
			isa = XCBuildConfiguration;
			buildSettings = {
				ASSETCATALOG_COMPILER_APPICON_NAME = AppIcon;
				ASSETCATALOG_COMPILER_GLOBAL_ACCENT_COLOR_NAME = AccentColor;
				CODE_SIGN_STYLE = Automatic;
				CURRENT_PROJECT_VERSION = 1;
				DEVELOPMENT_TEAM = UB3MSH2CQ7;
				ENABLE_PREVIEWS = YES;
				GENERATE_INFOPLIST_FILE = YES;
				INFOPLIST_FILE = GrokMode/Info.plist;
				INFOPLIST_KEY_NSMicrophoneUsageDescription = "Need Mic for Mic stuff";
				INFOPLIST_KEY_UIApplicationSceneManifest_Generation = YES;
				INFOPLIST_KEY_UIApplicationSupportsIndirectInputEvents = YES;
				INFOPLIST_KEY_UILaunchScreen_Generation = YES;
				INFOPLIST_KEY_UISupportedInterfaceOrientations_iPad = "UIInterfaceOrientationPortrait UIInterfaceOrientationPortraitUpsideDown UIInterfaceOrientationLandscapeLeft UIInterfaceOrientationLandscapeRight";
				INFOPLIST_KEY_UISupportedInterfaceOrientations_iPhone = "UIInterfaceOrientationPortrait UIInterfaceOrientationLandscapeLeft UIInterfaceOrientationLandscapeRight";
				IPHONEOS_DEPLOYMENT_TARGET = 26.0;
				LD_RUNPATH_SEARCH_PATHS = (
					"$(inherited)",
					"@executable_path/Frameworks",
				);
				MARKETING_VERSION = 1.0;
				PRODUCT_NAME = "$(TARGET_NAME)";
				STRING_CATALOG_GENERATE_SYMBOLS = YES;
				SUPPORTED_PLATFORMS = "iphoneos iphonesimulator";
				SUPPORTS_MACCATALYST = NO;
				SUPPORTS_MAC_DESIGNED_FOR_IPHONE_IPAD = NO;
				SUPPORTS_XR_DESIGNED_FOR_IPHONE_IPAD = NO;
				SWIFT_APPROACHABLE_CONCURRENCY = YES;
				SWIFT_DEFAULT_ACTOR_ISOLATION = MainActor;
				SWIFT_EMIT_LOC_STRINGS = YES;
				SWIFT_UPCOMING_FEATURE_MEMBER_IMPORT_VISIBILITY = YES;
				SWIFT_VERSION = 5.0;
				TARGETED_DEVICE_FAMILY = "1,2";
			};
			name = Release;
		};
		A345759E2EE5109800E6576A /* Debug */ = {
			isa = XCBuildConfiguration;
			buildSettings = {
				BUNDLE_LOADER = "$(TEST_HOST)";
				CODE_SIGN_STYLE = Automatic;
				CURRENT_PROJECT_VERSION = 1;
				DEVELOPMENT_TEAM = UB3MSH2CQ7;
				GENERATE_INFOPLIST_FILE = YES;
				IPHONEOS_DEPLOYMENT_TARGET = 26.1;
				MARKETING_VERSION = 1.0;
				PRODUCT_BUNDLE_IDENTIFIER = co.azizalbahar.GrokModeTests;
				PRODUCT_NAME = "$(TARGET_NAME)";
				STRING_CATALOG_GENERATE_SYMBOLS = NO;
				SWIFT_APPROACHABLE_CONCURRENCY = YES;
				SWIFT_EMIT_LOC_STRINGS = NO;
				SWIFT_UPCOMING_FEATURE_MEMBER_IMPORT_VISIBILITY = YES;
				SWIFT_VERSION = 5.0;
				TARGETED_DEVICE_FAMILY = "1,2";
				TEST_HOST = "$(BUILT_PRODUCTS_DIR)/GrokMode.app/$(BUNDLE_EXECUTABLE_FOLDER_PATH)/GrokMode";
			};
			name = Debug;
		};
		A345759F2EE5109800E6576A /* Release */ = {
			isa = XCBuildConfiguration;
			buildSettings = {
				BUNDLE_LOADER = "$(TEST_HOST)";
				CODE_SIGN_STYLE = Automatic;
				CURRENT_PROJECT_VERSION = 1;
				DEVELOPMENT_TEAM = UB3MSH2CQ7;
				GENERATE_INFOPLIST_FILE = YES;
				IPHONEOS_DEPLOYMENT_TARGET = 26.1;
				MARKETING_VERSION = 1.0;
				PRODUCT_BUNDLE_IDENTIFIER = co.azizalbahar.GrokModeTests;
				PRODUCT_NAME = "$(TARGET_NAME)";
				STRING_CATALOG_GENERATE_SYMBOLS = NO;
				SWIFT_APPROACHABLE_CONCURRENCY = YES;
				SWIFT_EMIT_LOC_STRINGS = NO;
				SWIFT_UPCOMING_FEATURE_MEMBER_IMPORT_VISIBILITY = YES;
				SWIFT_VERSION = 5.0;
				TARGETED_DEVICE_FAMILY = "1,2";
				TEST_HOST = "$(BUILT_PRODUCTS_DIR)/GrokMode.app/$(BUNDLE_EXECUTABLE_FOLDER_PATH)/GrokMode";
			};
			name = Release;
		};
		A34575A12EE5109800E6576A /* Debug */ = {
			isa = XCBuildConfiguration;
			buildSettings = {
				CODE_SIGN_STYLE = Automatic;
				CURRENT_PROJECT_VERSION = 1;
				DEVELOPMENT_TEAM = UB3MSH2CQ7;
				GENERATE_INFOPLIST_FILE = YES;
				IPHONEOS_DEPLOYMENT_TARGET = 26.1;
				MARKETING_VERSION = 1.0;
				PRODUCT_BUNDLE_IDENTIFIER = co.azizalbahar.GrokModeUITests;
				PRODUCT_NAME = "$(TARGET_NAME)";
				STRING_CATALOG_GENERATE_SYMBOLS = NO;
				SWIFT_APPROACHABLE_CONCURRENCY = YES;
				SWIFT_EMIT_LOC_STRINGS = NO;
				SWIFT_UPCOMING_FEATURE_MEMBER_IMPORT_VISIBILITY = YES;
				SWIFT_VERSION = 5.0;
				TARGETED_DEVICE_FAMILY = "1,2";
				TEST_TARGET_NAME = GrokMode;
			};
			name = Debug;
		};
		A34575A22EE5109800E6576A /* Release */ = {
			isa = XCBuildConfiguration;
			buildSettings = {
				CODE_SIGN_STYLE = Automatic;
				CURRENT_PROJECT_VERSION = 1;
				DEVELOPMENT_TEAM = UB3MSH2CQ7;
				GENERATE_INFOPLIST_FILE = YES;
				IPHONEOS_DEPLOYMENT_TARGET = 26.1;
				MARKETING_VERSION = 1.0;
				PRODUCT_BUNDLE_IDENTIFIER = co.azizalbahar.GrokModeUITests;
				PRODUCT_NAME = "$(TARGET_NAME)";
				STRING_CATALOG_GENERATE_SYMBOLS = NO;
				SWIFT_APPROACHABLE_CONCURRENCY = YES;
				SWIFT_EMIT_LOC_STRINGS = NO;
				SWIFT_UPCOMING_FEATURE_MEMBER_IMPORT_VISIBILITY = YES;
				SWIFT_VERSION = 5.0;
				TARGETED_DEVICE_FAMILY = "1,2";
				TEST_TARGET_NAME = GrokMode;
			};
			name = Release;
		};
/* End XCBuildConfiguration section */

/* Begin XCConfigurationList section */
		A34575742EE5109600E6576A /* Build configuration list for PBXProject "GrokMode" */ = {
			isa = XCConfigurationList;
			buildConfigurations = (
				A34575982EE5109800E6576A /* Debug */,
				A34575992EE5109800E6576A /* Release */,
			);
			defaultConfigurationIsVisible = 0;
			defaultConfigurationName = Release;
		};
		A345759A2EE5109800E6576A /* Build configuration list for PBXNativeTarget "GrokMode" */ = {
			isa = XCConfigurationList;
			buildConfigurations = (
				A345759B2EE5109800E6576A /* Debug */,
				A345759C2EE5109800E6576A /* Release */,
			);
			defaultConfigurationIsVisible = 0;
			defaultConfigurationName = Release;
		};
		A345759D2EE5109800E6576A /* Build configuration list for PBXNativeTarget "GrokModeTests" */ = {
			isa = XCConfigurationList;
			buildConfigurations = (
				A345759E2EE5109800E6576A /* Debug */,
				A345759F2EE5109800E6576A /* Release */,
			);
			defaultConfigurationIsVisible = 0;
			defaultConfigurationName = Release;
		};
		A34575A02EE5109800E6576A /* Build configuration list for PBXNativeTarget "GrokModeUITests" */ = {
			isa = XCConfigurationList;
			buildConfigurations = (
				A34575A12EE5109800E6576A /* Debug */,
				A34575A22EE5109800E6576A /* Release */,
			);
			defaultConfigurationIsVisible = 0;
			defaultConfigurationName = Release;
		};
/* End XCConfigurationList section */

/* Begin XCRemoteSwiftPackageReference section */
		64D5DF392EE5802900800961 /* XCRemoteSwiftPackageReference "JSONSchema" */ = {
			isa = XCRemoteSwiftPackageReference;
			repositoryURL = "https://github.com/mattt/JSONSchema.git";
			requirement = {
				kind = upToNextMajorVersion;
				minimumVersion = 1.3.1;
			};
		};
/* End XCRemoteSwiftPackageReference section */

/* Begin XCSwiftPackageProductDependency section */
		64D5DF3A2EE5802900800961 /* JSONSchema */ = {
			isa = XCSwiftPackageProductDependency;
			package = 64D5DF392EE5802900800961 /* XCRemoteSwiftPackageReference "JSONSchema" */;
			productName = JSONSchema;
		};
/* End XCSwiftPackageProductDependency section */
	};
	rootObject = A34575712EE5109600E6576A /* Project object */;
}
